
Microsoft Visual Studio Solution File, Format Version 12.00
# Visual Studio Version 17
VisualStudioVersion = 17.1.32228.430
MinimumVisualStudioVersion = 10.0.40219.1
Project("{9A19103F-16F7-4668-BE54-9A1E7A4F7556}") = "FantasyGenerator", "FantasyGenerator.csproj", "{F7540B78-C517-4029-A71E-550D935343A1}"
EndProject
Project("{FAE04EC0-301F-11D3-BF4B-00C04F79EFBC}") = "FantasyGenerator.Infrastructure", "..\FantasyGenerator.Infrastructure\FantasyGenerator.Infrastructure.csproj", "{AF0854F6-0500-409E-A570-319D7FA541D9}"
EndProject
Project("{FAE04EC0-301F-11D3-BF4B-00C04F79EFBC}") = "FantasyGenerator.Core", "..\FantasyGenerator.Core\FantasyGenerator.Core.csproj", "{7185A9BD-C2A8-4596-87DC-8B7866590BA7}"
EndProject
Global
	GlobalSection(SolutionConfigurationPlatforms) = preSolution
		Debug|Any CPU = Debug|Any CPU
		Release|Any CPU = Release|Any CPU
	EndGlobalSection
	GlobalSection(ProjectConfigurationPlatforms) = postSolution
		{F7540B78-C517-4029-A71E-550D935343A1}.Debug|Any CPU.ActiveCfg = Debug|Any CPU
		{F7540B78-C517-4029-A71E-550D935343A1}.Debug|Any CPU.Build.0 = Debug|Any CPU
		{F7540B78-C517-4029-A71E-550D935343A1}.Release|Any CPU.ActiveCfg = Release|Any CPU
		{F7540B78-C517-4029-A71E-550D935343A1}.Release|Any CPU.Build.0 = Release|Any CPU
		{AF0854F6-0500-409E-A570-319D7FA541D9}.Debug|Any CPU.ActiveCfg = Debug|Any CPU
		{AF0854F6-0500-409E-A570-319D7FA541D9}.Debug|Any CPU.Build.0 = Debug|Any CPU
		{AF0854F6-0500-409E-A570-319D7FA541D9}.Release|Any CPU.ActiveCfg = Release|Any CPU
		{AF0854F6-0500-409E-A570-319D7FA541D9}.Release|Any CPU.Build.0 = Release|Any CPU
		{7185A9BD-C2A8-4596-87DC-8B7866590BA7}.Debug|Any CPU.ActiveCfg = Debug|Any CPU
		{7185A9BD-C2A8-4596-87DC-8B7866590BA7}.Debug|Any CPU.Build.0 = Debug|Any CPU
		{7185A9BD-C2A8-4596-87DC-8B7866590BA7}.Release|Any CPU.ActiveCfg = Release|Any CPU
		{7185A9BD-C2A8-4596-87DC-8B7866590BA7}.Release|Any CPU.Build.0 = Release|Any CPU
	EndGlobalSection
	GlobalSection(SolutionProperties) = preSolution
		HideSolutionNode = FALSE
	EndGlobalSection
	GlobalSection(ExtensibilityGlobals) = postSolution
		SolutionGuid = {167A5F9A-A44A-4D5D-8FF8-0E120C520F49}
	EndGlobalSection
EndGlobal
